// !$*UTF8*$!
{
	archiveVersion = 1;
	classes = {
	};
	objectVersion = 46;
	objects = {

/* Begin PBXBuildFile section */
		18D7962A19476D0D007FD917 /* Foundation.framework in Frameworks */ = {isa = PBXBuildFile; fileRef = 18D7962919476D0D007FD917 /* Foundation.framework */; };
		18D7962C19476D0D007FD917 /* CoreGraphics.framework in Frameworks */ = {isa = PBXBuildFile; fileRef = 18D7962B19476D0D007FD917 /* CoreGraphics.framework */; };
		18D7962E19476D0D007FD917 /* UIKit.framework in Frameworks */ = {isa = PBXBuildFile; fileRef = 18D7962D19476D0D007FD917 /* UIKit.framework */; };
		18D7963419476D0D007FD917 /* InfoPlist.strings in Resources */ = {isa = PBXBuildFile; fileRef = 18D7963219476D0D007FD917 /* InfoPlist.strings */; };
		18D7963619476D0D007FD917 /* main.m in Sources */ = {isa = PBXBuildFile; fileRef = 18D7963519476D0D007FD917 /* main.m */; };
		18D7963A19476D0D007FD917 /* NRAppDelegate.m in Sources */ = {isa = PBXBuildFile; fileRef = 18D7963919476D0D007FD917 /* NRAppDelegate.m */; };
		18D7963D19476D0D007FD917 /* Main.storyboard in Resources */ = {isa = PBXBuildFile; fileRef = 18D7963B19476D0D007FD917 /* Main.storyboard */; };
		18D7964019476D0D007FD917 /* NRViewController.m in Sources */ = {isa = PBXBuildFile; fileRef = 18D7963F19476D0D007FD917 /* NRViewController.m */; };
		18D7964219476D0D007FD917 /* Images.xcassets in Resources */ = {isa = PBXBuildFile; fileRef = 18D7964119476D0D007FD917 /* Images.xcassets */; };
		18D7964919476D0D007FD917 /* XCTest.framework in Frameworks */ = {isa = PBXBuildFile; fileRef = 18D7964819476D0D007FD917 /* XCTest.framework */; };
		18D7964A19476D0D007FD917 /* Foundation.framework in Frameworks */ = {isa = PBXBuildFile; fileRef = 18D7962919476D0D007FD917 /* Foundation.framework */; };
		18D7964B19476D0D007FD917 /* UIKit.framework in Frameworks */ = {isa = PBXBuildFile; fileRef = 18D7962D19476D0D007FD917 /* UIKit.framework */; };
		18D7965319476D0D007FD917 /* InfoPlist.strings in Resources */ = {isa = PBXBuildFile; fileRef = 18D7965119476D0D007FD917 /* InfoPlist.strings */; };
		18D7965519476D0D007FD917 /* Crystal_BallTests.m in Sources */ = {isa = PBXBuildFile; fileRef = 18D7965419476D0D007FD917 /* Crystal_BallTests.m */; };
/* End PBXBuildFile section */

/* Begin PBXContainerItemProxy section */
		18D7964C19476D0D007FD917 /* PBXContainerItemProxy */ = {
			isa = PBXContainerItemProxy;
			containerPortal = 18D7961E19476D0D007FD917 /* Project object */;
			proxyType = 1;
			remoteGlobalIDString = 18D7962519476D0D007FD917;
			remoteInfo = "Crystal Ball";
		};
/* End PBXContainerItemProxy section */

/* Begin PBXFileReference section */
		18D7962619476D0D007FD917 /* Crystal Ball.app */ = {isa = PBXFileReference; explicitFileType = wrapper.application; includeInIndex = 0; path = "Crystal Ball.app"; sourceTree = BUILT_PRODUCTS_DIR; };
		18D7962919476D0D007FD917 /* Foundation.framework */ = {isa = PBXFileReference; lastKnownFileType = wrapper.framework; name = Foundation.framework; path = System/Library/Frameworks/Foundation.framework; sourceTree = SDKROOT; };
		18D7962B19476D0D007FD917 /* CoreGraphics.framework */ = {isa = PBXFileReference; lastKnownFileType = wrapper.framework; name = CoreGraphics.framework; path = System/Library/Frameworks/CoreGraphics.framework; sourceTree = SDKROOT; };
		18D7962D19476D0D007FD917 /* UIKit.framework */ = {isa = PBXFileReference; lastKnownFileType = wrapper.framework; name = UIKit.framework; path = System/Library/Frameworks/UIKit.framework; sourceTree = SDKROOT; };
		18D7963119476D0D007FD917 /* Crystal Ball-Info.plist */ = {isa = PBXFileReference; lastKnownFileType = text.plist.xml; path = "Crystal Ball-Info.plist"; sourceTree = "<group>"; };
		18D7963319476D0D007FD917 /* en */ = {isa = PBXFileReference; lastKnownFileType = text.plist.strings; name = en; path = en.lproj/InfoPlist.strings; sourceTree = "<group>"; };
		18D7963519476D0D007FD917 /* main.m */ = {isa = PBXFileReference; lastKnownFileType = sourcecode.c.objc; path = main.m; sourceTree = "<group>"; };
		18D7963719476D0D007FD917 /* Crystal Ball-Prefix.pch */ = {isa = PBXFileReference; lastKnownFileType = sourcecode.c.h; path = "Crystal Ball-Prefix.pch"; sourceTree = "<group>"; };
		18D7963819476D0D007FD917 /* NRAppDelegate.h */ = {isa = PBXFileReference; lastKnownFileType = sourcecode.c.h; path = NRAppDelegate.h; sourceTree = "<group>"; };
		18D7963919476D0D007FD917 /* NRAppDelegate.m */ = {isa = PBXFileReference; lastKnownFileType = sourcecode.c.objc; path = NRAppDelegate.m; sourceTree = "<group>"; };
		18D7963C19476D0D007FD917 /* Base */ = {isa = PBXFileReference; lastKnownFileType = file.storyboard; name = Base; path = Base.lproj/Main.storyboard; sourceTree = "<group>"; };
		18D7963E19476D0D007FD917 /* NRViewController.h */ = {isa = PBXFileReference; lastKnownFileType = sourcecode.c.h; path = NRViewController.h; sourceTree = "<group>"; };
		18D7963F19476D0D007FD917 /* NRViewController.m */ = {isa = PBXFileReference; lastKnownFileType = sourcecode.c.objc; path = NRViewController.m; sourceTree = "<group>"; };
		18D7964119476D0D007FD917 /* Images.xcassets */ = {isa = PBXFileReference; lastKnownFileType = folder.assetcatalog; path = Images.xcassets; sourceTree = "<group>"; };
		18D7964719476D0D007FD917 /* Crystal BallTests.xctest */ = {isa = PBXFileReference; explicitFileType = wrapper.cfbundle; includeInIndex = 0; path = "Crystal BallTests.xctest"; sourceTree = BUILT_PRODUCTS_DIR; };
		18D7964819476D0D007FD917 /* XCTest.framework */ = {isa = PBXFileReference; lastKnownFileType = wrapper.framework; name = XCTest.framework; path = Library/Frameworks/XCTest.framework; sourceTree = DEVELOPER_DIR; };
		18D7965019476D0D007FD917 /* Crystal BallTests-Info.plist */ = {isa = PBXFileReference; lastKnownFileType = text.plist.xml; path = "Crystal BallTests-Info.plist"; sourceTree = "<group>"; };
		18D7965219476D0D007FD917 /* en */ = {isa = PBXFileReference; lastKnownFileType = text.plist.strings; name = en; path = en.lproj/InfoPlist.strings; sourceTree = "<group>"; };
		18D7965419476D0D007FD917 /* Crystal_BallTests.m */ = {isa = PBXFileReference; lastKnownFileType = sourcecode.c.objc; path = Crystal_BallTests.m; sourceTree = "<group>"; };
/* End PBXFileReference section */

/* Begin PBXFrameworksBuildPhase section */
		18D7962319476D0D007FD917 /* Frameworks */ = {
			isa = PBXFrameworksBuildPhase;
			buildActionMask = 2147483647;
			files = (
				18D7962C19476D0D007FD917 /* CoreGraphics.framework in Frameworks */,
				18D7962E19476D0D007FD917 /* UIKit.framework in Frameworks */,
				18D7962A19476D0D007FD917 /* Foundation.framework in Frameworks */,
			);
			runOnlyForDeploymentPostprocessing = 0;
		};
		18D7964419476D0D007FD917 /* Frameworks */ = {
			isa = PBXFrameworksBuildPhase;
			buildActionMask = 2147483647;
			files = (
				18D7964919476D0D007FD917 /* XCTest.framework in Frameworks */,
				18D7964B19476D0D007FD917 /* UIKit.framework in Frameworks */,
				18D7964A19476D0D007FD917 /* Foundation.framework in Frameworks */,
			);
			runOnlyForDeploymentPostprocessing = 0;
		};
/* End PBXFrameworksBuildPhase section */

/* Begin PBXGroup section */
		18D7961D19476D0D007FD917 = {
			isa = PBXGroup;
			children = (
				18D7962F19476D0D007FD917 /* Crystal Ball */,
				18D7964E19476D0D007FD917 /* Crystal BallTests */,
				18D7962819476D0D007FD917 /* Frameworks */,
				18D7962719476D0D007FD917 /* Products */,
			);
			sourceTree = "<group>";
		};
		18D7962719476D0D007FD917 /* Products */ = {
			isa = PBXGroup;
			children = (
				18D7962619476D0D007FD917 /* Crystal Ball.app */,
				18D7964719476D0D007FD917 /* Crystal BallTests.xctest */,
			);
			name = Products;
			sourceTree = "<group>";
		};
		18D7962819476D0D007FD917 /* Frameworks */ = {
			isa = PBXGroup;
			children = (
				18D7962919476D0D007FD917 /* Foundation.framework */,
				18D7962B19476D0D007FD917 /* CoreGraphics.framework */,
				18D7962D19476D0D007FD917 /* UIKit.framework */,
				18D7964819476D0D007FD917 /* XCTest.framework */,
			);
			name = Frameworks;
			sourceTree = "<group>";
		};
		18D7962F19476D0D007FD917 /* Crystal Ball */ = {
			isa = PBXGroup;
			children = (
				18D7963819476D0D007FD917 /* NRAppDelegate.h */,
				18D7963919476D0D007FD917 /* NRAppDelegate.m */,
				18D7963B19476D0D007FD917 /* Main.storyboard */,
				18D7963E19476D0D007FD917 /* NRViewController.h */,
				18D7963F19476D0D007FD917 /* NRViewController.m */,
				18D7964119476D0D007FD917 /* Images.xcassets */,
				18D7963019476D0D007FD917 /* Supporting Files */,
			);
			path = "Crystal Ball";
			sourceTree = "<group>";
		};
		18D7963019476D0D007FD917 /* Supporting Files */ = {
			isa = PBXGroup;
			children = (
				18D7963119476D0D007FD917 /* Crystal Ball-Info.plist */,
				18D7963219476D0D007FD917 /* InfoPlist.strings */,
				18D7963519476D0D007FD917 /* main.m */,
				18D7963719476D0D007FD917 /* Crystal Ball-Prefix.pch */,
			);
			name = "Supporting Files";
			sourceTree = "<group>";
		};
		18D7964E19476D0D007FD917 /* Crystal BallTests */ = {
			isa = PBXGroup;
			children = (
				18D7965419476D0D007FD917 /* Crystal_BallTests.m */,
				18D7964F19476D0D007FD917 /* Supporting Files */,
			);
			path = "Crystal BallTests";
			sourceTree = "<group>";
		};
		18D7964F19476D0D007FD917 /* Supporting Files */ = {
			isa = PBXGroup;
			children = (
				18D7965019476D0D007FD917 /* Crystal BallTests-Info.plist */,
				18D7965119476D0D007FD917 /* InfoPlist.strings */,
			);
			name = "Supporting Files";
			sourceTree = "<group>";
		};
/* End PBXGroup section */

/* Begin PBXNativeTarget section */
		18D7962519476D0D007FD917 /* Crystal Ball */ = {
			isa = PBXNativeTarget;
			buildConfigurationList = 18D7965819476D0D007FD917 /* Build configuration list for PBXNativeTarget "Crystal Ball" */;
			buildPhases = (
				18D7962219476D0D007FD917 /* Sources */,
				18D7962319476D0D007FD917 /* Frameworks */,
				18D7962419476D0D007FD917 /* Resources */,
			);
			buildRules = (
			);
			dependencies = (
			);
			name = "Crystal Ball";
			productName = "Crystal Ball";
			productReference = 18D7962619476D0D007FD917 /* Crystal Ball.app */;
			productType = "com.apple.product-type.application";
		};
		18D7964619476D0D007FD917 /* Crystal BallTests */ = {
			isa = PBXNativeTarget;
			buildConfigurationList = 18D7965B19476D0D007FD917 /* Build configuration list for PBXNativeTarget "Crystal BallTests" */;
			buildPhases = (
				18D7964319476D0D007FD917 /* Sources */,
				18D7964419476D0D007FD917 /* Frameworks */,
				18D7964519476D0D007FD917 /* Resources */,
			);
			buildRules = (
			);
			dependencies = (
				18D7964D19476D0D007FD917 /* PBXTargetDependency */,
			);
			name = "Crystal BallTests";
			productName = "Crystal BallTests";
			productReference = 18D7964719476D0D007FD917 /* Crystal BallTests.xctest */;
			productType = "com.apple.product-type.bundle.unit-test";
		};
/* End PBXNativeTarget section */

/* Begin PBXProject section */
		18D7961E19476D0D007FD917 /* Project object */ = {
			isa = PBXProject;
			attributes = {
				CLASSPREFIX = NR;
				LastUpgradeCheck = 0510;
				ORGANIZATIONNAME = "___FULLUSERNAME___";
				TargetAttributes = {
					18D7964619476D0D007FD917 = {
						TestTargetID = 18D7962519476D0D007FD917;
					};
				};
			};
			buildConfigurationList = 18D7962119476D0D007FD917 /* Build configuration list for PBXProject "Crystal Ball" */;
			compatibilityVersion = "Xcode 3.2";
			developmentRegion = English;
			hasScannedForEncodings = 0;
			knownRegions = (
				en,
				Base,
			);
			mainGroup = 18D7961D19476D0D007FD917;
			productRefGroup = 18D7962719476D0D007FD917 /* Products */;
			projectDirPath = "";
			projectRoot = "";
			targets = (
				18D7962519476D0D007FD917 /* Crystal Ball */,
				18D7964619476D0D007FD917 /* Crystal BallTests */,
			);
		};
/* End PBXProject section */

/* Begin PBXResourcesBuildPhase section */
		18D7962419476D0D007FD917 /* Resources */ = {
			isa = PBXResourcesBuildPhase;
			buildActionMask = 2147483647;
			files = (
				18D7964219476D0D007FD917 /* Images.xcassets in Resources */,
				18D7963419476D0D007FD917 /* InfoPlist.strings in Resources */,
				18D7963D19476D0D007FD917 /* Main.storyboard in Resources */,
			);
			runOnlyForDeploymentPostprocessing = 0;
		};
		18D7964519476D0D007FD917 /* Resources */ = {
			isa = PBXResourcesBuildPhase;
			buildActionMask = 2147483647;
			files = (
				18D7965319476D0D007FD917 /* InfoPlist.strings in Resources */,
			);
			runOnlyForDeploymentPostprocessing = 0;
		};
/* End PBXResourcesBuildPhase section */

/* Begin PBXSourcesBuildPhase section */
		18D7962219476D0D007FD917 /* Sources */ = {
			isa = PBXSourcesBuildPhase;
			buildActionMask = 2147483647;
			files = (
				18D7964019476D0D007FD917 /* NRViewController.m in Sources */,
				18D7963A19476D0D007FD917 /* NRAppDelegate.m in Sources */,
				18D7963619476D0D007FD917 /* main.m in Sources */,
			);
			runOnlyForDeploymentPostprocessing = 0;
		};
		18D7964319476D0D007FD917 /* Sources */ = {
			isa = PBXSourcesBuildPhase;
			buildActionMask = 2147483647;
			files = (
				18D7965519476D0D007FD917 /* Crystal_BallTests.m in Sources */,
			);
			runOnlyForDeploymentPostprocessing = 0;
		};
/* End PBXSourcesBuildPhase section */

/* Begin PBXTargetDependency section */
		18D7964D19476D0D007FD917 /* PBXTargetDependency */ = {
			isa = PBXTargetDependency;
			target = 18D7962519476D0D007FD917 /* Crystal Ball */;
			targetProxy = 18D7964C19476D0D007FD917 /* PBXContainerItemProxy */;
		};
/* End PBXTargetDependency section */

/* Begin PBXVariantGroup section */
		18D7963219476D0D007FD917 /* InfoPlist.strings */ = {
			isa = PBXVariantGroup;
			children = (
				18D7963319476D0D007FD917 /* en */,
			);
			name = InfoPlist.strings;
			sourceTree = "<group>";
		};
		18D7963B19476D0D007FD917 /* Main.storyboard */ = {
			isa = PBXVariantGroup;
			children = (
				18D7963C19476D0D007FD917 /* Base */,
			);
			name = Main.storyboard;
			sourceTree = "<group>";
		};
		18D7965119476D0D007FD917 /* InfoPlist.strings */ = {
			isa = PBXVariantGroup;
			children = (
				18D7965219476D0D007FD917 /* en */,
			);
			name = InfoPlist.strings;
			sourceTree = "<group>";
		};
/* End PBXVariantGroup section */

/* Begin XCBuildConfiguration section */
		18D7965619476D0D007FD917 /* Debug */ = {
			isa = XCBuildConfiguration;
			buildSettings = {
				ALWAYS_SEARCH_USER_PATHS = NO;
				CLANG_CXX_LANGUAGE_STANDARD = "gnu++0x";
				CLANG_CXX_LIBRARY = "libc++";
				CLANG_ENABLE_MODULES = YES;
				CLANG_ENABLE_OBJC_ARC = YES;
				CLANG_WARN_BOOL_CONVERSION = YES;
				CLANG_WARN_CONSTANT_CONVERSION = YES;
				CLANG_WARN_DIRECT_OBJC_ISA_USAGE = YES_ERROR;
				CLANG_WARN_EMPTY_BODY = YES;
				CLANG_WARN_ENUM_CONVERSION = YES;
				CLANG_WARN_INT_CONVERSION = YES;
				CLANG_WARN_OBJC_ROOT_CLASS = YES_ERROR;
				CLANG_WARN__DUPLICATE_METHOD_MATCH = YES;
				"CODE_SIGN_IDENTITY[sdk=iphoneos*]" = "iPhone Developer";
				COPY_PHASE_STRIP = NO;
				GCC_C_LANGUAGE_STANDARD = gnu99;
				GCC_DYNAMIC_NO_PIC = NO;
				GCC_OPTIMIZATION_LEVEL = 0;
				GCC_PREPROCESSOR_DEFINITIONS = (
					"DEBUG=1",
					"$(inherited)",
				);
				GCC_SYMBOLS_PRIVATE_EXTERN = NO;
				GCC_WARN_64_TO_32_BIT_CONVERSION = YES;
				GCC_WARN_ABOUT_RETURN_TYPE = YES_ERROR;
				GCC_WARN_UNDECLARED_SELECTOR = YES;
				GCC_WARN_UNINITIALIZED_AUTOS = YES_AGGRESSIVE;
				GCC_WARN_UNUSED_FUNCTION = YES;
				GCC_WARN_UNUSED_VARIABLE = YES;
				IPHONEOS_DEPLOYMENT_TARGET = 7.1;
				ONLY_ACTIVE_ARCH = YES;
				SDKROOT = iphoneos;
			};
			name = Debug;
		};
		18D7965719476D0D007FD917 /* Release */ = {
			isa = XCBuildConfiguration;
			buildSettings = {
				ALWAYS_SEARCH_USER_PATHS = NO;
				CLANG_CXX_LANGUAGE_STANDARD = "gnu++0x";
				CLANG_CXX_LIBRARY = "libc++";
				CLANG_ENABLE_MODULES = YES;
				CLANG_ENABLE_OBJC_ARC = YES;
				CLANG_WARN_BOOL_CONVERSION = YES;
				CLANG_WARN_CONSTANT_CONVERSION = YES;
				CLANG_WARN_DIRECT_OBJC_ISA_USAGE = YES_ERROR;
				CLANG_WARN_EMPTY_BODY = YES;
				CLANG_WARN_ENUM_CONVERSION = YES;
				CLANG_WARN_INT_CONVERSION = YES;
				CLANG_WARN_OBJC_ROOT_CLASS = YES_ERROR;
				CLANG_WARN__DUPLICATE_METHOD_MATCH = YES;
				"CODE_SIGN_IDENTITY[sdk=iphoneos*]" = "iPhone Developer";
				COPY_PHASE_STRIP = YES;
				ENABLE_NS_ASSERTIONS = NO;
				GCC_C_LANGUAGE_STANDARD = gnu99;
				GCC_WARN_64_TO_32_BIT_CONVERSION = YES;
				GCC_WARN_ABOUT_RETURN_TYPE = YES_ERROR;
				GCC_WARN_UNDECLARED_SELECTOR = YES;
				GCC_WARN_UNINITIALIZED_AUTOS = YES_AGGRESSIVE;
				GCC_WARN_UNUSED_FUNCTION = YES;
				GCC_WARN_UNUSED_VARIABLE = YES;
				IPHONEOS_DEPLOYMENT_TARGET = 7.1;
				SDKROOT = iphoneos;
				VALIDATE_PRODUCT = YES;
			};
			name = Release;
		};
		18D7965919476D0D007FD917 /* Debug */ = {
			isa = XCBuildConfiguration;
			buildSettings = {
				ASSETCATALOG_COMPILER_APPICON_NAME = AppIcon;
				ASSETCATALOG_COMPILER_LAUNCHIMAGE_NAME = LaunchImage;
				GCC_PRECOMPILE_PREFIX_HEADER = YES;
				GCC_PREFIX_HEADER = "Crystal Ball/Crystal Ball-Prefix.pch";
				INFOPLIST_FILE = "Crystal Ball/Crystal Ball-Info.plist";
				PRODUCT_NAME = "$(TARGET_NAME)";
				WRAPPER_EXTENSION = app;
			};
			name = Debug;
		};
		18D7965A19476D0D007FD917 /* Release */ = {
			isa = XCBuildConfiguration;
			buildSettings = {
				ASSETCATALOG_COMPILER_APPICON_NAME = AppIcon;
				ASSETCATALOG_COMPILER_LAUNCHIMAGE_NAME = LaunchImage;
				GCC_PRECOMPILE_PREFIX_HEADER = YES;
				GCC_PREFIX_HEADER = "Crystal Ball/Crystal Ball-Prefix.pch";
				INFOPLIST_FILE = "Crystal Ball/Crystal Ball-Info.plist";
				PRODUCT_NAME = "$(TARGET_NAME)";
				WRAPPER_EXTENSION = app;
			};
			name = Release;
		};
		18D7965C19476D0D007FD917 /* Debug */ = {
			isa = XCBuildConfiguration;
			buildSettings = {
				BUNDLE_LOADER = "$(BUILT_PRODUCTS_DIR)/Crystal Ball.app/Crystal Ball";
				FRAMEWORK_SEARCH_PATHS = (
					"$(SDKROOT)/Developer/Library/Frameworks",
					"$(inherited)",
					"$(DEVELOPER_FRAMEWORKS_DIR)",
				);
				GCC_PRECOMPILE_PREFIX_HEADER = YES;
				GCC_PREFIX_HEADER = "Crystal Ball/Crystal Ball-Prefix.pch";
				GCC_PREPROCESSOR_DEFINITIONS = (
					"DEBUG=1",
					"$(inherited)",
				);
				INFOPLIST_FILE = "Crystal BallTests/Crystal BallTests-Info.plist";
				PRODUCT_NAME = "$(TARGET_NAME)";
				TEST_HOST = "$(BUNDLE_LOADER)";
				WRAPPER_EXTENSION = xctest;
			};
			name = Debug;
		};
		18D7965D19476D0D007FD917 /* Release */ = {
			isa = XCBuildConfiguration;
			buildSettings = {
				BUNDLE_LOADER = "$(BUILT_PRODUCTS_DIR)/Crystal Ball.app/Crystal Ball";
				FRAMEWORK_SEARCH_PATHS = (
					"$(SDKROOT)/Developer/Library/Frameworks",
					"$(inherited)",
					"$(DEVELOPER_FRAMEWORKS_DIR)",
				);
				GCC_PRECOMPILE_PREFIX_HEADER = YES;
				GCC_PREFIX_HEADER = "Crystal Ball/Crystal Ball-Prefix.pch";
				INFOPLIST_FILE = "Crystal BallTests/Crystal BallTests-Info.plist";
				PRODUCT_NAME = "$(TARGET_NAME)";
				TEST_HOST = "$(BUNDLE_LOADER)";
				WRAPPER_EXTENSION = xctest;
			};
			name = Release;
		};
/* End XCBuildConfiguration section */

/* Begin XCConfigurationList section */
		18D7962119476D0D007FD917 /* Build configuration list for PBXProject "Crystal Ball" */ = {
			isa = XCConfigurationList;
			buildConfigurations = (
				18D7965619476D0D007FD917 /* Debug */,
				18D7965719476D0D007FD917 /* Release */,
			);
			defaultConfigurationIsVisible = 0;
			defaultConfigurationName = Release;
		};
		18D7965819476D0D007FD917 /* Build configuration list for PBXNativeTarget "Crystal Ball" */ = {
			isa = XCConfigurationList;
			buildConfigurations = (
				18D7965919476D0D007FD917 /* Debug */,
				18D7965A19476D0D007FD917 /* Release */,
			);
			defaultConfigurationIsVisible = 0;
		};
		18D7965B19476D0D007FD917 /* Build configuration list for PBXNativeTarget "Crystal BallTests" */ = {
			isa = XCConfigurationList;
			buildConfigurations = (
				18D7965C19476D0D007FD917 /* Debug */,
				18D7965D19476D0D007FD917 /* Release */,
			);
			defaultConfigurationIsVisible = 0;
		};
/* End XCConfigurationList section */
	};
	rootObject = 18D7961E19476D0D007FD917 /* Project object */;
}
